
Microsoft Visual Studio Solution File, Format Version 12.00
# Visual Studio Version 17
VisualStudioVersion = 17.13.35931.197
MinimumVisualStudioVersion = 10.0.40219.1
Project("{FAE04EC0-301F-11D3-BF4B-00C04F79EFBC}") = "Polytype", "Polytype.csproj", "{5A83EDEE-018E-41F9-8269-2CB0CB125AED}"
EndProject
Global
	GlobalSection(SolutionConfigurationPlatforms) = preSolution
		Debug|Any CPU = Debug|Any CPU
		Release|Any CPU = Release|Any CPU
	EndGlobalSection
	GlobalSection(ProjectConfigurationPlatforms) = postSolution
		{5A83EDEE-018E-41F9-8269-2CB0CB125AED}.Debug|Any CPU.ActiveCfg = Debug|Any CPU
		{5A83EDEE-018E-41F9-8269-2CB0CB125AED}.Debug|Any CPU.Build.0 = Debug|Any CPU
		{5A83EDEE-018E-41F9-8269-2CB0CB125AED}.Release|Any CPU.ActiveCfg = Release|Any CPU
		{5A83EDEE-018E-41F9-8269-2CB0CB125AED}.Release|Any CPU.Build.0 = Release|Any CPU
	EndGlobalSection
	GlobalSection(SolutionProperties) = preSolution
		HideSolutionNode = FALSE
	EndGlobalSection
	GlobalSection(ExtensibilityGlobals) = postSolution
		SolutionGuid = {53EFDCD0-BE39-4E1E-B807-C918181EC952}
	EndGlobalSection
EndGlobal
